github.com/juju/errors v1.0.0 h1:yiq7kjCLll1BiaRuNY53MGI0+EQ3rF6GB+wvboZDefM=
github.com/juju/errors v1.0.0/go.mod h1:B5x9thDqx0wIMH3+aLIMP9HjItInYWObRovoCFM5Qe8=
github.com/juju/mutex v0.0.0-20180619145857-d21b13acf4bf h1:2d3cilQly1OpAfZcn4QRuwDOdVoHsM4cDTkcKbmO760=
github.com/juju/mutex v0.0.0-20180619145857-d21b13acf4bf/go.mod h1:Y3oOzHH8CQ0Ppt0oCKJ2JFO81/EsWenH5AEqigLH+yY=
